
Microsoft Visual Studio Solution File, Format Version 12.00
# Visual Studio 15
VisualStudioVersion = 15.0.28307.852
MinimumVisualStudioVersion = 10.0.40219.1
Project("{FAE04EC0-301F-11D3-BF4B-00C04F79EFBC}") = "EMPMVC", "EMPMVC\EMPMVC.csproj", "{3C31729C-9B89-4385-9D14-CAA495E2859F}"
EndProject
Project("{FAE04EC0-301F-11D3-BF4B-00C04F79EFBC}") = "DataAccess", "DataAccess\DataAccess.csproj", "{117C68AA-55BC-49E9-927D-8AA0226DBD26}"
EndProject
Global
	GlobalSection(SolutionConfigurationPlatforms) = preSolution
		Debug|Any CPU = Debug|Any CPU
		Release|Any CPU = Release|Any CPU
	EndGlobalSection
	GlobalSection(ProjectConfigurationPlatforms) = postSolution
		{3C31729C-9B89-4385-9D14-CAA495E2859F}.Debug|Any CPU.ActiveCfg = Debug|Any CPU
		{3C31729C-9B89-4385-9D14-CAA495E2859F}.Debug|Any CPU.Build.0 = Debug|Any CPU
		{3C31729C-9B89-4385-9D14-CAA495E2859F}.Release|Any CPU.ActiveCfg = Release|Any CPU
		{3C31729C-9B89-4385-9D14-CAA495E2859F}.Release|Any CPU.Build.0 = Release|Any CPU
		{117C68AA-55BC-49E9-927D-8AA0226DBD26}.Debug|Any CPU.ActiveCfg = Debug|Any CPU
		{117C68AA-55BC-49E9-927D-8AA0226DBD26}.Debug|Any CPU.Build.0 = Debug|Any CPU
		{117C68AA-55BC-49E9-927D-8AA0226DBD26}.Release|Any CPU.ActiveCfg = Release|Any CPU
		{117C68AA-55BC-49E9-927D-8AA0226DBD26}.Release|Any CPU.Build.0 = Release|Any CPU
	EndGlobalSection
	GlobalSection(SolutionProperties) = preSolution
		HideSolutionNode = FALSE
	EndGlobalSection
	GlobalSection(ExtensibilityGlobals) = postSolution
		SolutionGuid = {99F9DB28-1ECF-4886-B60A-342ACBE2CCB4}
	EndGlobalSection
EndGlobal
